
Microsoft Visual Studio Solution File, Format Version 12.00
# Visual Studio Version 16
VisualStudioVersion = 16.0.30114.105
MinimumVisualStudioVersion = 10.0.40219.1
Project("{FAE04EC0-301F-11D3-BF4B-00C04F79EFBC}") = "CommandLineApp", "CommandLineApp\CommandLineApp.csproj", "{1C8BFB0B-25DF-4AEE-BAB1-4AF5FEA29D77}"
EndProject
Project("{2150E333-8FDC-42A3-9474-1A3956D46DE8}") = "Solution Items", "Solution Items", "{FC8F04F0-47DA-4395-AFBE-6BC3B1209562}"
	ProjectSection(SolutionItems) = preProject
		Readme.txt = Readme.txt
	EndProjectSection
EndProject
Project("{FAE04EC0-301F-11D3-BF4B-00C04F79EFBC}") = "TestCommandLineApp", "TestCommandLineApp\TestCommandLineApp.csproj", "{354A5A61-2F71-4D2F-8A9C-8D8CF3FC086C}"
EndProject
Global
	GlobalSection(SolutionConfigurationPlatforms) = preSolution
		Debug|Any CPU = Debug|Any CPU
		Release|Any CPU = Release|Any CPU
	EndGlobalSection
	GlobalSection(ProjectConfigurationPlatforms) = postSolution
		{1C8BFB0B-25DF-4AEE-BAB1-4AF5FEA29D77}.Debug|Any CPU.ActiveCfg = Debug|Any CPU
		{1C8BFB0B-25DF-4AEE-BAB1-4AF5FEA29D77}.Debug|Any CPU.Build.0 = Debug|Any CPU
		{1C8BFB0B-25DF-4AEE-BAB1-4AF5FEA29D77}.Release|Any CPU.ActiveCfg = Release|Any CPU
		{1C8BFB0B-25DF-4AEE-BAB1-4AF5FEA29D77}.Release|Any CPU.Build.0 = Release|Any CPU
		{354A5A61-2F71-4D2F-8A9C-8D8CF3FC086C}.Debug|Any CPU.ActiveCfg = Debug|Any CPU
		{354A5A61-2F71-4D2F-8A9C-8D8CF3FC086C}.Debug|Any CPU.Build.0 = Debug|Any CPU
		{354A5A61-2F71-4D2F-8A9C-8D8CF3FC086C}.Release|Any CPU.ActiveCfg = Release|Any CPU
		{354A5A61-2F71-4D2F-8A9C-8D8CF3FC086C}.Release|Any CPU.Build.0 = Release|Any CPU
	EndGlobalSection
	GlobalSection(SolutionProperties) = preSolution
		HideSolutionNode = FALSE
	EndGlobalSection
	GlobalSection(ExtensibilityGlobals) = postSolution
		SolutionGuid = {31B46D01-03F4-4110-BA4E-6EA8526F73BF}
	EndGlobalSection
EndGlobal
